
Microsoft Visual Studio Solution File, Format Version 12.00
# Visual Studio 15
VisualStudioVersion = 15.0.26430.6
MinimumVisualStudioVersion = 10.0.40219.1
Project("{FAE04EC0-301F-11D3-BF4B-00C04F79EFBC}") = "ERSBackgroundProcess", "ERSBackgroundProcess\ERSBackgroundProcess.csproj", "{F41113BD-0820-479E-8035-B7E0DDC10ECF}"
EndProject
Project("{FAE04EC0-301F-11D3-BF4B-00C04F79EFBC}") = "ENRLReconSystem.BL", "ENRLReconSystem.BL\ENRLReconSystem.BL.csproj", "{53E6F5E5-8E6A-4CE3-9B52-221B00F380EB}"
EndProject
Project("{FAE04EC0-301F-11D3-BF4B-00C04F79EFBC}") = "ENRLReconSystem.DAL", "ENRLReconSystem.DAL\ENRLReconSystem.DAL.csproj", "{6F578629-789F-4422-BA64-5D292EFC1475}"
EndProject
Project("{FAE04EC0-301F-11D3-BF4B-00C04F79EFBC}") = "ENRLReconSystem.DO", "ENRLReconSystem.DO\ENRLReconSystem.DO.csproj", "{D947B3C5-7B28-4728-9E66-80EF2C87DE58}"
EndProject
Project("{FAE04EC0-301F-11D3-BF4B-00C04F79EFBC}") = "ENRLReconSystem.Utility", "ENRLReconSystem.Utility\ENRLReconSystem.Utility.csproj", "{96CDEE9A-901E-4C73-9397-23896F535918}"
EndProject
Global
	GlobalSection(SolutionConfigurationPlatforms) = preSolution
		Debug|Any CPU = Debug|Any CPU
		Release|Any CPU = Release|Any CPU
	EndGlobalSection
	GlobalSection(ProjectConfigurationPlatforms) = postSolution
		{F41113BD-0820-479E-8035-B7E0DDC10ECF}.Debug|Any CPU.ActiveCfg = Debug|Any CPU
		{F41113BD-0820-479E-8035-B7E0DDC10ECF}.Debug|Any CPU.Build.0 = Debug|Any CPU
		{F41113BD-0820-479E-8035-B7E0DDC10ECF}.Release|Any CPU.ActiveCfg = Release|Any CPU
		{F41113BD-0820-479E-8035-B7E0DDC10ECF}.Release|Any CPU.Build.0 = Release|Any CPU
		{53E6F5E5-8E6A-4CE3-9B52-221B00F380EB}.Debug|Any CPU.ActiveCfg = Debug|Any CPU
		{53E6F5E5-8E6A-4CE3-9B52-221B00F380EB}.Debug|Any CPU.Build.0 = Debug|Any CPU
		{53E6F5E5-8E6A-4CE3-9B52-221B00F380EB}.Release|Any CPU.ActiveCfg = Release|Any CPU
		{53E6F5E5-8E6A-4CE3-9B52-221B00F380EB}.Release|Any CPU.Build.0 = Release|Any CPU
		{6F578629-789F-4422-BA64-5D292EFC1475}.Debug|Any CPU.ActiveCfg = Debug|Any CPU
		{6F578629-789F-4422-BA64-5D292EFC1475}.Debug|Any CPU.Build.0 = Debug|Any CPU
		{6F578629-789F-4422-BA64-5D292EFC1475}.Release|Any CPU.ActiveCfg = Release|Any CPU
		{6F578629-789F-4422-BA64-5D292EFC1475}.Release|Any CPU.Build.0 = Release|Any CPU
		{D947B3C5-7B28-4728-9E66-80EF2C87DE58}.Debug|Any CPU.ActiveCfg = Debug|Any CPU
		{D947B3C5-7B28-4728-9E66-80EF2C87DE58}.Debug|Any CPU.Build.0 = Debug|Any CPU
		{D947B3C5-7B28-4728-9E66-80EF2C87DE58}.Release|Any CPU.ActiveCfg = Release|Any CPU
		{D947B3C5-7B28-4728-9E66-80EF2C87DE58}.Release|Any CPU.Build.0 = Release|Any CPU
		{96CDEE9A-901E-4C73-9397-23896F535918}.Debug|Any CPU.ActiveCfg = Debug|Any CPU
		{96CDEE9A-901E-4C73-9397-23896F535918}.Debug|Any CPU.Build.0 = Debug|Any CPU
		{96CDEE9A-901E-4C73-9397-23896F535918}.Release|Any CPU.ActiveCfg = Release|Any CPU
		{96CDEE9A-901E-4C73-9397-23896F535918}.Release|Any CPU.Build.0 = Release|Any CPU
	EndGlobalSection
	GlobalSection(SolutionProperties) = preSolution
		HideSolutionNode = FALSE
	EndGlobalSection
	GlobalSection(TeamFoundationVersionControl) = preSolution
		SccNumberOfProjects = 6
		SccEnterpriseProvider = {4CA58AB2-18FA-4F8D-95D4-32DDF27D184C}
		SccTeamFoundationServer = http://tfs.uhc.com:8080/tfs/uhg
		SccLocalPath0 = .
		SccProjectUniqueName1 = ERSBackgroundProcess\\ERSBackgroundProcess.csproj
		SccProjectName1 = ERSBackgroundProcess
		SccLocalPath1 = ERSBackgroundProcess
		SccProjectUniqueName2 = ENRLReconSystem.BL\\ENRLReconSystem.BL.csproj
		SccProjectName2 = ENRLReconSystem.BL
		SccLocalPath2 = ENRLReconSystem.BL
		SccProjectUniqueName3 = ENRLReconSystem.DAL\\ENRLReconSystem.DAL.csproj
		SccProjectName3 = ENRLReconSystem.DAL
		SccLocalPath3 = ENRLReconSystem.DAL
		SccProjectUniqueName4 = ENRLReconSystem.DO\\ENRLReconSystem.DO.csproj
		SccProjectName4 = ENRLReconSystem.DO
		SccLocalPath4 = ENRLReconSystem.DO
		SccProjectUniqueName5 = ENRLReconSystem.Utility\\ENRLReconSystem.Utility.csproj
		SccProjectName5 = ENRLReconSystem.Utility
		SccLocalPath5 = ENRLReconSystem.Utility
	EndGlobalSection
EndGlobal
